// !$*UTF8*$!
{
	archiveVersion = 1;
	classes = {
	};
	objectVersion = 56;
	objects = {

/* Begin PBXBuildFile section */
		5308EB0C295B024900B55E64 /* chimeup.mp3 in Resources */ = {isa = PBXBuildFile; fileRef = 5308EB0B295B024900B55E64 /* chimeup.mp3 */; };
		5308EB0F295B039300B55E64 /* AudioPlayer.swift in Sources */ = {isa = PBXBuildFile; fileRef = 5308EB0E295B039300B55E64 /* AudioPlayer.swift */; };
		53090133295B284400339BE1 /* NavigationBarView.swift in Sources */ = {isa = PBXBuildFile; fileRef = 53090132295B284400339BE1 /* NavigationBarView.swift */; };
		53090135295B2CBE00339BE1 /* HomeView.swift in Sources */ = {isa = PBXBuildFile; fileRef = 53090134295B2CBE00339BE1 /* HomeView.swift */; };
		53534CE6295C0C6A005F2341 /* LaunchScreen.storyboard in Resources */ = {isa = PBXBuildFile; fileRef = 53534CE5295C0C6A005F2341 /* LaunchScreen.storyboard */; };
		53534CE9295C16C3005F2341 /* verses.json in Resources */ = {isa = PBXBuildFile; fileRef = 53534CE8295C16C3005F2341 /* verses.json */; };
		53534CEB295C1773005F2341 /* Verses.swift in Sources */ = {isa = PBXBuildFile; fileRef = 53534CEA295C1773005F2341 /* Verses.swift */; };
		53534CEE295C1869005F2341 /* CodableBundleExt.swift in Sources */ = {isa = PBXBuildFile; fileRef = 53534CED295C1869005F2341 /* CodableBundleExt.swift */; };
		53534CF0295C19BF005F2341 /* VersesListView.swift in Sources */ = {isa = PBXBuildFile; fileRef = 53534CEF295C19BF005F2341 /* VersesListView.swift */; };
		5364DEFE295A82F5005FEB0C /* OnboardingView.swift in Sources */ = {isa = PBXBuildFile; fileRef = 5364DEFD295A82F5005FEB0C /* OnboardingView.swift */; };
		5364DEFF295A873F005FEB0C /* Poppins-Black.ttf in Resources */ = {isa = PBXBuildFile; fileRef = 539544412959BD58000D9210 /* Poppins-Black.ttf */; };
		5364DF00295A873F005FEB0C /* Poppins-BlackItalic.ttf in Resources */ = {isa = PBXBuildFile; fileRef = 539544422959BD58000D9210 /* Poppins-BlackItalic.ttf */; };
		5364DF01295A873F005FEB0C /* Poppins-Bold.ttf in Resources */ = {isa = PBXBuildFile; fileRef = 539544372959BD58000D9210 /* Poppins-Bold.ttf */; };
		5364DF02295A873F005FEB0C /* Poppins-BoldItalic.ttf in Resources */ = {isa = PBXBuildFile; fileRef = 539544402959BD58000D9210 /* Poppins-BoldItalic.ttf */; };
		5364DF03295A873F005FEB0C /* Poppins-ExtraBold.ttf in Resources */ = {isa = PBXBuildFile; fileRef = 5395443D2959BD58000D9210 /* Poppins-ExtraBold.ttf */; };
		5364DF04295A873F005FEB0C /* Poppins-ExtraBoldItalic.ttf in Resources */ = {isa = PBXBuildFile; fileRef = 5395443A2959BD58000D9210 /* Poppins-ExtraBoldItalic.ttf */; };
		5364DF05295A873F005FEB0C /* Poppins-ExtraLight.ttf in Resources */ = {isa = PBXBuildFile; fileRef = 539544392959BD58000D9210 /* Poppins-ExtraLight.ttf */; };
		5364DF06295A873F005FEB0C /* Poppins-ExtraLightItalic.ttf in Resources */ = {isa = PBXBuildFile; fileRef = 5395443C2959BD58000D9210 /* Poppins-ExtraLightItalic.ttf */; };
		5364DF07295A873F005FEB0C /* Poppins-Italic.ttf in Resources */ = {isa = PBXBuildFile; fileRef = 539544362959BD58000D9210 /* Poppins-Italic.ttf */; };
		5364DF08295A873F005FEB0C /* Poppins-Light.ttf in Resources */ = {isa = PBXBuildFile; fileRef = 539544382959BD58000D9210 /* Poppins-Light.ttf */; };
		5364DF09295A873F005FEB0C /* Poppins-LightItalic.ttf in Resources */ = {isa = PBXBuildFile; fileRef = 539544342959BD58000D9210 /* Poppins-LightItalic.ttf */; };
		5364DF0A295A873F005FEB0C /* Poppins-Medium.ttf in Resources */ = {isa = PBXBuildFile; fileRef = 5395443B2959BD58000D9210 /* Poppins-Medium.ttf */; };
		5364DF0B295A873F005FEB0C /* Poppins-MediumItalic.ttf in Resources */ = {isa = PBXBuildFile; fileRef = 539544352959BD58000D9210 /* Poppins-MediumItalic.ttf */; };
		5364DF0C295A873F005FEB0C /* Poppins-Regular.ttf in Resources */ = {isa = PBXBuildFile; fileRef = 539544322959BD58000D9210 /* Poppins-Regular.ttf */; };
		5364DF0D295A873F005FEB0C /* Poppins-SemiBold.ttf in Resources */ = {isa = PBXBuildFile; fileRef = 539544332959BD58000D9210 /* Poppins-SemiBold.ttf */; };
		5364DF0E295A873F005FEB0C /* Poppins-SemiBoldItalic.ttf in Resources */ = {isa = PBXBuildFile; fileRef = 539544312959BD58000D9210 /* Poppins-SemiBoldItalic.ttf */; };
		5364DF0F295A873F005FEB0C /* Poppins-Thin.ttf in Resources */ = {isa = PBXBuildFile; fileRef = 5395443E2959BD58000D9210 /* Poppins-Thin.ttf */; };
		5364DF10295A873F005FEB0C /* Poppins-ThinItalic.ttf in Resources */ = {isa = PBXBuildFile; fileRef = 5395443F2959BD58000D9210 /* Poppins-ThinItalic.ttf */; };
		539544202959BCB3000D9210 /* QuranApp.swift in Sources */ = {isa = PBXBuildFile; fileRef = 5395441F2959BCB3000D9210 /* QuranApp.swift */; };
		539544222959BCB3000D9210 /* ContentView.swift in Sources */ = {isa = PBXBuildFile; fileRef = 539544212959BCB3000D9210 /* ContentView.swift */; };
		539544242959BCB4000D9210 /* Assets.xcassets in Resources */ = {isa = PBXBuildFile; fileRef = 539544232959BCB4000D9210 /* Assets.xcassets */; };
		539544272959BCB4000D9210 /* Preview Assets.xcassets in Resources */ = {isa = PBXBuildFile; fileRef = 539544262959BCB4000D9210 /* Preview Assets.xcassets */; };
		539544462959C9B0000D9210 /* MainView.swift in Sources */ = {isa = PBXBuildFile; fileRef = 539544452959C9B0000D9210 /* MainView.swift */; };
		53962A3B295BC7E1006EFDB2 /* SegmentedControlView.swift in Sources */ = {isa = PBXBuildFile; fileRef = 53962A3A295BC7E1006EFDB2 /* SegmentedControlView.swift */; };
		53962A3D295BCA3E006EFDB2 /* Preferences+Size.swift in Sources */ = {isa = PBXBuildFile; fileRef = 53962A3C295BCA3E006EFDB2 /* Preferences+Size.swift */; };
		53962A3F295BE145006EFDB2 /* ComingSoonPageView.swift in Sources */ = {isa = PBXBuildFile; fileRef = 53962A3E295BE145006EFDB2 /* ComingSoonPageView.swift */; };
/* End PBXBuildFile section */

/* Begin PBXFileReference section */
		5308EB0B295B024900B55E64 /* chimeup.mp3 */ = {isa = PBXFileReference; lastKnownFileType = audio.mp3; path = chimeup.mp3; sourceTree = "<group>"; };
		5308EB0E295B039300B55E64 /* AudioPlayer.swift */ = {isa = PBXFileReference; lastKnownFileType = sourcecode.swift; path = AudioPlayer.swift; sourceTree = "<group>"; };
		53090132295B284400339BE1 /* NavigationBarView.swift */ = {isa = PBXFileReference; lastKnownFileType = sourcecode.swift; path = NavigationBarView.swift; sourceTree = "<group>"; };
		53090134295B2CBE00339BE1 /* HomeView.swift */ = {isa = PBXFileReference; lastKnownFileType = sourcecode.swift; path = HomeView.swift; sourceTree = "<group>"; };
		53534CE5295C0C6A005F2341 /* LaunchScreen.storyboard */ = {isa = PBXFileReference; lastKnownFileType = file.storyboard; path = LaunchScreen.storyboard; sourceTree = "<group>"; };
		53534CE8295C16C3005F2341 /* verses.json */ = {isa = PBXFileReference; fileEncoding = 4; lastKnownFileType = text.json; path = verses.json; sourceTree = "<group>"; };
		53534CEA295C1773005F2341 /* Verses.swift */ = {isa = PBXFileReference; lastKnownFileType = sourcecode.swift; path = Verses.swift; sourceTree = "<group>"; };
		53534CED295C1869005F2341 /* CodableBundleExt.swift */ = {isa = PBXFileReference; lastKnownFileType = sourcecode.swift; path = CodableBundleExt.swift; sourceTree = "<group>"; };
		53534CEF295C19BF005F2341 /* VersesListView.swift */ = {isa = PBXFileReference; lastKnownFileType = sourcecode.swift; path = VersesListView.swift; sourceTree = "<group>"; };
		5364DEFD295A82F5005FEB0C /* OnboardingView.swift */ = {isa = PBXFileReference; lastKnownFileType = sourcecode.swift; path = OnboardingView.swift; sourceTree = "<group>"; };
		5395441C2959BCB3000D9210 /* Quran.app */ = {isa = PBXFileReference; explicitFileType = wrapper.application; includeInIndex = 0; path = Quran.app; sourceTree = BUILT_PRODUCTS_DIR; };
		5395441F2959BCB3000D9210 /* QuranApp.swift */ = {isa = PBXFileReference; lastKnownFileType = sourcecode.swift; path = QuranApp.swift; sourceTree = "<group>"; };
		539544212959BCB3000D9210 /* ContentView.swift */ = {isa = PBXFileReference; lastKnownFileType = sourcecode.swift; path = ContentView.swift; sourceTree = "<group>"; };
		539544232959BCB4000D9210 /* Assets.xcassets */ = {isa = PBXFileReference; lastKnownFileType = folder.assetcatalog; path = Assets.xcassets; sourceTree = "<group>"; };
		539544262959BCB4000D9210 /* Preview Assets.xcassets */ = {isa = PBXFileReference; lastKnownFileType = folder.assetcatalog; path = "Preview Assets.xcassets"; sourceTree = "<group>"; };
		539544312959BD58000D9210 /* Poppins-SemiBoldItalic.ttf */ = {isa = PBXFileReference; lastKnownFileType = file; path = "Poppins-SemiBoldItalic.ttf"; sourceTree = "<group>"; };
		539544322959BD58000D9210 /* Poppins-Regular.ttf */ = {isa = PBXFileReference; lastKnownFileType = file; path = "Poppins-Regular.ttf"; sourceTree = "<group>"; };
		539544332959BD58000D9210 /* Poppins-SemiBold.ttf */ = {isa = PBXFileReference; lastKnownFileType = file; path = "Poppins-SemiBold.ttf"; sourceTree = "<group>"; };
		539544342959BD58000D9210 /* Poppins-LightItalic.ttf */ = {isa = PBXFileReference; lastKnownFileType = file; path = "Poppins-LightItalic.ttf"; sourceTree = "<group>"; };
		539544352959BD58000D9210 /* Poppins-MediumItalic.ttf */ = {isa = PBXFileReference; lastKnownFileType = file; path = "Poppins-MediumItalic.ttf"; sourceTree = "<group>"; };
		539544362959BD58000D9210 /* Poppins-Italic.ttf */ = {isa = PBXFileReference; lastKnownFileType = file; path = "Poppins-Italic.ttf"; sourceTree = "<group>"; };
		539544372959BD58000D9210 /* Poppins-Bold.ttf */ = {isa = PBXFileReference; lastKnownFileType = file; path = "Poppins-Bold.ttf"; sourceTree = "<group>"; };
		539544382959BD58000D9210 /* Poppins-Light.ttf */ = {isa = PBXFileReference; lastKnownFileType = file; path = "Poppins-Light.ttf"; sourceTree = "<group>"; };
		539544392959BD58000D9210 /* Poppins-ExtraLight.ttf */ = {isa = PBXFileReference; lastKnownFileType = file; path = "Poppins-ExtraLight.ttf"; sourceTree = "<group>"; };
		5395443A2959BD58000D9210 /* Poppins-ExtraBoldItalic.ttf */ = {isa = PBXFileReference; lastKnownFileType = file; path = "Poppins-ExtraBoldItalic.ttf"; sourceTree = "<group>"; };
		5395443B2959BD58000D9210 /* Poppins-Medium.ttf */ = {isa = PBXFileReference; lastKnownFileType = file; path = "Poppins-Medium.ttf"; sourceTree = "<group>"; };
		5395443C2959BD58000D9210 /* Poppins-ExtraLightItalic.ttf */ = {isa = PBXFileReference; lastKnownFileType = file; path = "Poppins-ExtraLightItalic.ttf"; sourceTree = "<group>"; };
		5395443D2959BD58000D9210 /* Poppins-ExtraBold.ttf */ = {isa = PBXFileReference; lastKnownFileType = file; path = "Poppins-ExtraBold.ttf"; sourceTree = "<group>"; };
		5395443E2959BD58000D9210 /* Poppins-Thin.ttf */ = {isa = PBXFileReference; lastKnownFileType = file; path = "Poppins-Thin.ttf"; sourceTree = "<group>"; };
		5395443F2959BD58000D9210 /* Poppins-ThinItalic.ttf */ = {isa = PBXFileReference; lastKnownFileType = file; path = "Poppins-ThinItalic.ttf"; sourceTree = "<group>"; };
		539544402959BD58000D9210 /* Poppins-BoldItalic.ttf */ = {isa = PBXFileReference; lastKnownFileType = file; path = "Poppins-BoldItalic.ttf"; sourceTree = "<group>"; };
		539544412959BD58000D9210 /* Poppins-Black.ttf */ = {isa = PBXFileReference; lastKnownFileType = file; path = "Poppins-Black.ttf"; sourceTree = "<group>"; };
		539544422959BD58000D9210 /* Poppins-BlackItalic.ttf */ = {isa = PBXFileReference; lastKnownFileType = file; path = "Poppins-BlackItalic.ttf"; sourceTree = "<group>"; };
		539544432959BDD9000D9210 /* Info.plist */ = {isa = PBXFileReference; lastKnownFileType = text.plist.xml; path = Info.plist; sourceTree = "<group>"; };
		539544452959C9B0000D9210 /* MainView.swift */ = {isa = PBXFileReference; lastKnownFileType = sourcecode.swift; path = MainView.swift; sourceTree = "<group>"; };
		53962A3A295BC7E1006EFDB2 /* SegmentedControlView.swift */ = {isa = PBXFileReference; lastKnownFileType = sourcecode.swift; path = SegmentedControlView.swift; sourceTree = "<group>"; };
		53962A3C295BCA3E006EFDB2 /* Preferences+Size.swift */ = {isa = PBXFileReference; lastKnownFileType = sourcecode.swift; path = "Preferences+Size.swift"; sourceTree = "<group>"; };
		53962A3E295BE145006EFDB2 /* ComingSoonPageView.swift */ = {isa = PBXFileReference; lastKnownFileType = sourcecode.swift; path = ComingSoonPageView.swift; sourceTree = "<group>"; };
/* End PBXFileReference section */

/* Begin PBXFrameworksBuildPhase section */
		539544192959BCB3000D9210 /* Frameworks */ = {
			isa = PBXFrameworksBuildPhase;
			buildActionMask = 2147483647;
			files = (
			);
			runOnlyForDeploymentPostprocessing = 0;
		};
/* End PBXFrameworksBuildPhase section */

/* Begin PBXGroup section */
		5308EB0D295B034400B55E64 /* Utilities */ = {
			isa = PBXGroup;
			children = (
				5308EB0E295B039300B55E64 /* AudioPlayer.swift */,
				53962A3C295BCA3E006EFDB2 /* Preferences+Size.swift */,
			);
			path = Utilities;
			sourceTree = "<group>";
		};
		53090130295B277800339BE1 /* Home */ = {
			isa = PBXGroup;
			children = (
				53090134295B2CBE00339BE1 /* HomeView.swift */,
				53534CEF295C19BF005F2341 /* VersesListView.swift */,
			);
			path = Home;
			sourceTree = "<group>";
		};
		53090131295B279100339BE1 /* Component */ = {
			isa = PBXGroup;
			children = (
				53090132295B284400339BE1 /* NavigationBarView.swift */,
				53962A3A295BC7E1006EFDB2 /* SegmentedControlView.swift */,
				53962A3E295BE145006EFDB2 /* ComingSoonPageView.swift */,
			);
			path = Component;
			sourceTree = "<group>";
		};
		53534CE7295C16AF005F2341 /* Data */ = {
			isa = PBXGroup;
			children = (
				53534CE8295C16C3005F2341 /* verses.json */,
			);
			path = Data;
			sourceTree = "<group>";
		};
		53534CEC295C1859005F2341 /* Extensions */ = {
			isa = PBXGroup;
			children = (
				53534CED295C1869005F2341 /* CodableBundleExt.swift */,
			);
			path = Extensions;
			sourceTree = "<group>";
		};
		539544132959BCB3000D9210 = {
			isa = PBXGroup;
			children = (
				5395441E2959BCB3000D9210 /* Quran */,
				5395441D2959BCB3000D9210 /* Products */,
			);
			sourceTree = "<group>";
		};
		5395441D2959BCB3000D9210 /* Products */ = {
			isa = PBXGroup;
			children = (
				5395441C2959BCB3000D9210 /* Quran.app */,
			);
			name = Products;
			sourceTree = "<group>";
		};
		5395441E2959BCB3000D9210 /* Quran */ = {
			isa = PBXGroup;
			children = (
				539544432959BDD9000D9210 /* Info.plist */,
				53534CE5295C0C6A005F2341 /* LaunchScreen.storyboard */,
				539544212959BCB3000D9210 /* ContentView.swift */,
				5395441F2959BCB3000D9210 /* QuranApp.swift */,
				539544232959BCB4000D9210 /* Assets.xcassets */,
				53534CEC295C1859005F2341 /* Extensions */,
				5395442F2959BCFC000D9210 /* Model */,
				539544252959BCB4000D9210 /* Preview Content */,
				5395442D2959BCC8000D9210 /* Resources */,
				5308EB0D295B034400B55E64 /* Utilities */,
				5395442E2959BCEA000D9210 /* View */,
			);
			path = Quran;
			sourceTree = "<group>";
		};
		539544252959BCB4000D9210 /* Preview Content */ = {
			isa = PBXGroup;
			children = (
				539544262959BCB4000D9210 /* Preview Assets.xcassets */,
			);
			path = "Preview Content";
			sourceTree = "<group>";
		};
		5395442D2959BCC8000D9210 /* Resources */ = {
			isa = PBXGroup;
			children = (
				53534CE7295C16AF005F2341 /* Data */,
				5308EB0B295B024900B55E64 /* chimeup.mp3 */,
				539544302959BD33000D9210 /* Font */,
			);
			path = Resources;
			sourceTree = "<group>";
		};
		5395442E2959BCEA000D9210 /* View */ = {
			isa = PBXGroup;
			children = (
				53090131295B279100339BE1 /* Component */,
				53090130295B277800339BE1 /* Home */,
				539544442959C99F000D9210 /* Main */,
			);
			path = View;
			sourceTree = "<group>";
		};
		5395442F2959BCFC000D9210 /* Model */ = {
			isa = PBXGroup;
			children = (
				53534CEA295C1773005F2341 /* Verses.swift */,
			);
			path = Model;
			sourceTree = "<group>";
		};
		539544302959BD33000D9210 /* Font */ = {
			isa = PBXGroup;
			children = (
				539544412959BD58000D9210 /* Poppins-Black.ttf */,
				539544422959BD58000D9210 /* Poppins-BlackItalic.ttf */,
				539544372959BD58000D9210 /* Poppins-Bold.ttf */,
				539544402959BD58000D9210 /* Poppins-BoldItalic.ttf */,
				5395443D2959BD58000D9210 /* Poppins-ExtraBold.ttf */,
				5395443A2959BD58000D9210 /* Poppins-ExtraBoldItalic.ttf */,
				539544392959BD58000D9210 /* Poppins-ExtraLight.ttf */,
				5395443C2959BD58000D9210 /* Poppins-ExtraLightItalic.ttf */,
				539544362959BD58000D9210 /* Poppins-Italic.ttf */,
				539544382959BD58000D9210 /* Poppins-Light.ttf */,
				539544342959BD58000D9210 /* Poppins-LightItalic.ttf */,
				5395443B2959BD58000D9210 /* Poppins-Medium.ttf */,
				539544352959BD58000D9210 /* Poppins-MediumItalic.ttf */,
				539544322959BD58000D9210 /* Poppins-Regular.ttf */,
				539544332959BD58000D9210 /* Poppins-SemiBold.ttf */,
				539544312959BD58000D9210 /* Poppins-SemiBoldItalic.ttf */,
				5395443E2959BD58000D9210 /* Poppins-Thin.ttf */,
				5395443F2959BD58000D9210 /* Poppins-ThinItalic.ttf */,
			);
			path = Font;
			sourceTree = "<group>";
		};
		539544442959C99F000D9210 /* Main */ = {
			isa = PBXGroup;
			children = (
				539544452959C9B0000D9210 /* MainView.swift */,
				5364DEFD295A82F5005FEB0C /* OnboardingView.swift */,
			);
			path = Main;
			sourceTree = "<group>";
		};
/* End PBXGroup section */

/* Begin PBXNativeTarget section */
		5395441B2959BCB3000D9210 /* Quran */ = {
			isa = PBXNativeTarget;
			buildConfigurationList = 5395442A2959BCB4000D9210 /* Build configuration list for PBXNativeTarget "Quran" */;
			buildPhases = (
				539544182959BCB3000D9210 /* Sources */,
				539544192959BCB3000D9210 /* Frameworks */,
				5395441A2959BCB3000D9210 /* Resources */,
			);
			buildRules = (
			);
			dependencies = (
			);
			name = Quran;
			productName = Quran;
			productReference = 5395441C2959BCB3000D9210 /* Quran.app */;
			productType = "com.apple.product-type.application";
		};
/* End PBXNativeTarget section */

/* Begin PBXProject section */
		539544142959BCB3000D9210 /* Project object */ = {
			isa = PBXProject;
			attributes = {
				BuildIndependentTargetsInParallel = 1;
				LastSwiftUpdateCheck = 1420;
				LastUpgradeCheck = 1420;
				TargetAttributes = {
					5395441B2959BCB3000D9210 = {
						CreatedOnToolsVersion = 14.2;
					};
				};
			};
			buildConfigurationList = 539544172959BCB3000D9210 /* Build configuration list for PBXProject "Quran" */;
			compatibilityVersion = "Xcode 14.0";
			developmentRegion = en;
			hasScannedForEncodings = 0;
			knownRegions = (
				en,
				Base,
			);
			mainGroup = 539544132959BCB3000D9210;
			productRefGroup = 5395441D2959BCB3000D9210 /* Products */;
			projectDirPath = "";
			projectRoot = "";
			targets = (
				5395441B2959BCB3000D9210 /* Quran */,
			);
		};
/* End PBXProject section */

/* Begin PBXResourcesBuildPhase section */
		5395441A2959BCB3000D9210 /* Resources */ = {
			isa = PBXResourcesBuildPhase;
			buildActionMask = 2147483647;
			files = (
				5364DEFF295A873F005FEB0C /* Poppins-Black.ttf in Resources */,
				5364DF00295A873F005FEB0C /* Poppins-BlackItalic.ttf in Resources */,
				5364DF01295A873F005FEB0C /* Poppins-Bold.ttf in Resources */,
				5364DF02295A873F005FEB0C /* Poppins-BoldItalic.ttf in Resources */,
				5364DF03295A873F005FEB0C /* Poppins-ExtraBold.ttf in Resources */,
				5364DF04295A873F005FEB0C /* Poppins-ExtraBoldItalic.ttf in Resources */,
				5364DF05295A873F005FEB0C /* Poppins-ExtraLight.ttf in Resources */,
				5364DF06295A873F005FEB0C /* Poppins-ExtraLightItalic.ttf in Resources */,
				5364DF07295A873F005FEB0C /* Poppins-Italic.ttf in Resources */,
				53534CE6295C0C6A005F2341 /* LaunchScreen.storyboard in Resources */,
				5308EB0C295B024900B55E64 /* chimeup.mp3 in Resources */,
				5364DF08295A873F005FEB0C /* Poppins-Light.ttf in Resources */,
				5364DF09295A873F005FEB0C /* Poppins-LightItalic.ttf in Resources */,
				5364DF0A295A873F005FEB0C /* Poppins-Medium.ttf in Resources */,
				53534CE9295C16C3005F2341 /* verses.json in Resources */,
				5364DF0B295A873F005FEB0C /* Poppins-MediumItalic.ttf in Resources */,
				5364DF0C295A873F005FEB0C /* Poppins-Regular.ttf in Resources */,
				5364DF0D295A873F005FEB0C /* Poppins-SemiBold.ttf in Resources */,
				5364DF0E295A873F005FEB0C /* Poppins-SemiBoldItalic.ttf in Resources */,
				5364DF0F295A873F005FEB0C /* Poppins-Thin.ttf in Resources */,
				5364DF10295A873F005FEB0C /* Poppins-ThinItalic.ttf in Resources */,
				539544272959BCB4000D9210 /* Preview Assets.xcassets in Resources */,
				539544242959BCB4000D9210 /* Assets.xcassets in Resources */,
			);
			runOnlyForDeploymentPostprocessing = 0;
		};
/* End PBXResourcesBuildPhase section */

/* Begin PBXSourcesBuildPhase section */
		539544182959BCB3000D9210 /* Sources */ = {
			isa = PBXSourcesBuildPhase;
			buildActionMask = 2147483647;
			files = (
				539544222959BCB3000D9210 /* ContentView.swift in Sources */,
				53090135295B2CBE00339BE1 /* HomeView.swift in Sources */,
				53534CEE295C1869005F2341 /* CodableBundleExt.swift in Sources */,
				5364DEFE295A82F5005FEB0C /* OnboardingView.swift in Sources */,
				53090133295B284400339BE1 /* NavigationBarView.swift in Sources */,
				5308EB0F295B039300B55E64 /* AudioPlayer.swift in Sources */,
				53962A3F295BE145006EFDB2 /* ComingSoonPageView.swift in Sources */,
				53962A3B295BC7E1006EFDB2 /* SegmentedControlView.swift in Sources */,
				53534CF0295C19BF005F2341 /* VersesListView.swift in Sources */,
				539544462959C9B0000D9210 /* MainView.swift in Sources */,
				53534CEB295C1773005F2341 /* Verses.swift in Sources */,
				539544202959BCB3000D9210 /* QuranApp.swift in Sources */,
				53962A3D295BCA3E006EFDB2 /* Preferences+Size.swift in Sources */,
			);
			runOnlyForDeploymentPostprocessing = 0;
		};
/* End PBXSourcesBuildPhase section */

/* Begin XCBuildConfiguration section */
		539544282959BCB4000D9210 /* Debug */ = {
			isa = XCBuildConfiguration;
			buildSettings = {
				ALWAYS_SEARCH_USER_PATHS = NO;
				CLANG_ANALYZER_NONNULL = YES;
				CLANG_ANALYZER_NUMBER_OBJECT_CONVERSION = YES_AGGRESSIVE;
				CLANG_CXX_LANGUAGE_STANDARD = "gnu++20";
				CLANG_ENABLE_MODULES = YES;
				CLANG_ENABLE_OBJC_ARC = YES;
				CLANG_ENABLE_OBJC_WEAK = YES;
				CLANG_WARN_BLOCK_CAPTURE_AUTORELEASING = YES;
				CLANG_WARN_BOOL_CONVERSION = YES;
				CLANG_WARN_COMMA = YES;
				CLANG_WARN_CONSTANT_CONVERSION = YES;
				CLANG_WARN_DEPRECATED_OBJC_IMPLEMENTATIONS = YES;
				CLANG_WARN_DIRECT_OBJC_ISA_USAGE = YES_ERROR;
				CLANG_WARN_DOCUMENTATION_COMMENTS = YES;
				CLANG_WARN_EMPTY_BODY = YES;
				CLANG_WARN_ENUM_CONVERSION = YES;
				CLANG_WARN_INFINITE_RECURSION = YES;
				CLANG_WARN_INT_CONVERSION = YES;
				CLANG_WARN_NON_LITERAL_NULL_CONVERSION = YES;
				CLANG_WARN_OBJC_IMPLICIT_RETAIN_SELF = YES;
				CLANG_WARN_OBJC_LITERAL_CONVERSION = YES;
				CLANG_WARN_OBJC_ROOT_CLASS = YES_ERROR;
				CLANG_WARN_QUOTED_INCLUDE_IN_FRAMEWORK_HEADER = YES;
				CLANG_WARN_RANGE_LOOP_ANALYSIS = YES;
				CLANG_WARN_STRICT_PROTOTYPES = YES;
				CLANG_WARN_SUSPICIOUS_MOVE = YES;
				CLANG_WARN_UNGUARDED_AVAILABILITY = YES_AGGRESSIVE;
				CLANG_WARN_UNREACHABLE_CODE = YES;
				CLANG_WARN__DUPLICATE_METHOD_MATCH = YES;
				COPY_PHASE_STRIP = NO;
				DEBUG_INFORMATION_FORMAT = dwarf;
				ENABLE_STRICT_OBJC_MSGSEND = YES;
				ENABLE_TESTABILITY = YES;
				GCC_C_LANGUAGE_STANDARD = gnu11;
				GCC_DYNAMIC_NO_PIC = NO;
				GCC_NO_COMMON_BLOCKS = YES;
				GCC_OPTIMIZATION_LEVEL = 0;
				GCC_PREPROCESSOR_DEFINITIONS = (
					"DEBUG=1",
					"$(inherited)",
				);
				GCC_WARN_64_TO_32_BIT_CONVERSION = YES;
				GCC_WARN_ABOUT_RETURN_TYPE = YES_ERROR;
				GCC_WARN_UNDECLARED_SELECTOR = YES;
				GCC_WARN_UNINITIALIZED_AUTOS = YES_AGGRESSIVE;
				GCC_WARN_UNUSED_FUNCTION = YES;
				GCC_WARN_UNUSED_VARIABLE = YES;
				IPHONEOS_DEPLOYMENT_TARGET = 16.2;
				MTL_ENABLE_DEBUG_INFO = INCLUDE_SOURCE;
				MTL_FAST_MATH = YES;
				ONLY_ACTIVE_ARCH = YES;
				SDKROOT = iphoneos;
				SWIFT_ACTIVE_COMPILATION_CONDITIONS = DEBUG;
				SWIFT_OPTIMIZATION_LEVEL = "-Onone";
			};
			name = Debug;
		};
		539544292959BCB4000D9210 /* Release */ = {
			isa = XCBuildConfiguration;
			buildSettings = {
				ALWAYS_SEARCH_USER_PATHS = NO;
				CLANG_ANALYZER_NONNULL = YES;
				CLANG_ANALYZER_NUMBER_OBJECT_CONVERSION = YES_AGGRESSIVE;
				CLANG_CXX_LANGUAGE_STANDARD = "gnu++20";
				CLANG_ENABLE_MODULES = YES;
				CLANG_ENABLE_OBJC_ARC = YES;
				CLANG_ENABLE_OBJC_WEAK = YES;
				CLANG_WARN_BLOCK_CAPTURE_AUTORELEASING = YES;
				CLANG_WARN_BOOL_CONVERSION = YES;
				CLANG_WARN_COMMA = YES;
				CLANG_WARN_CONSTANT_CONVERSION = YES;
				CLANG_WARN_DEPRECATED_OBJC_IMPLEMENTATIONS = YES;
				CLANG_WARN_DIRECT_OBJC_ISA_USAGE = YES_ERROR;
				CLANG_WARN_DOCUMENTATION_COMMENTS = YES;
				CLANG_WARN_EMPTY_BODY = YES;
				CLANG_WARN_ENUM_CONVERSION = YES;
				CLANG_WARN_INFINITE_RECURSION = YES;
				CLANG_WARN_INT_CONVERSION = YES;
				CLANG_WARN_NON_LITERAL_NULL_CONVERSION = YES;
				CLANG_WARN_OBJC_IMPLICIT_RETAIN_SELF = YES;
				CLANG_WARN_OBJC_LITERAL_CONVERSION = YES;
				CLANG_WARN_OBJC_ROOT_CLASS = YES_ERROR;
				CLANG_WARN_QUOTED_INCLUDE_IN_FRAMEWORK_HEADER = YES;
				CLANG_WARN_RANGE_LOOP_ANALYSIS = YES;
				CLANG_WARN_STRICT_PROTOTYPES = YES;
				CLANG_WARN_SUSPICIOUS_MOVE = YES;
				CLANG_WARN_UNGUARDED_AVAILABILITY = YES_AGGRESSIVE;
				CLANG_WARN_UNREACHABLE_CODE = YES;
				CLANG_WARN__DUPLICATE_METHOD_MATCH = YES;
				COPY_PHASE_STRIP = NO;
				DEBUG_INFORMATION_FORMAT = "dwarf-with-dsym";
				ENABLE_NS_ASSERTIONS = NO;
				ENABLE_STRICT_OBJC_MSGSEND = YES;
				GCC_C_LANGUAGE_STANDARD = gnu11;
				GCC_NO_COMMON_BLOCKS = YES;
				GCC_WARN_64_TO_32_BIT_CONVERSION = YES;
				GCC_WARN_ABOUT_RETURN_TYPE = YES_ERROR;
				GCC_WARN_UNDECLARED_SELECTOR = YES;
				GCC_WARN_UNINITIALIZED_AUTOS = YES_AGGRESSIVE;
				GCC_WARN_UNUSED_FUNCTION = YES;
				GCC_WARN_UNUSED_VARIABLE = YES;
				IPHONEOS_DEPLOYMENT_TARGET = 16.2;
				MTL_ENABLE_DEBUG_INFO = NO;
				MTL_FAST_MATH = YES;
				SDKROOT = iphoneos;
				SWIFT_COMPILATION_MODE = wholemodule;
				SWIFT_OPTIMIZATION_LEVEL = "-O";
				VALIDATE_PRODUCT = YES;
			};
			name = Release;
		};
		5395442B2959BCB4000D9210 /* Debug */ = {
			isa = XCBuildConfiguration;
			buildSettings = {
				ASSETCATALOG_COMPILER_APPICON_NAME = AppIcon;
				ASSETCATALOG_COMPILER_GLOBAL_ACCENT_COLOR_NAME = AccentColor;
				CODE_SIGN_STYLE = Automatic;
				CURRENT_PROJECT_VERSION = 1;
				DEVELOPMENT_ASSET_PATHS = "\"Quran/Preview Content\"";
				DEVELOPMENT_TEAM = EJGCGKY84H;
				ENABLE_PREVIEWS = YES;
				GENERATE_INFOPLIST_FILE = YES;
				INFOPLIST_FILE = Quran/Info.plist;
				INFOPLIST_KEY_UIApplicationSupportsIndirectInputEvents = YES;
				INFOPLIST_KEY_UILaunchScreen_Generation = YES;
				INFOPLIST_KEY_UILaunchStoryboardName = LaunchScreen.storyboard;
				INFOPLIST_KEY_UIStatusBarStyle = UIStatusBarStyleLightContent;
				INFOPLIST_KEY_UISupportedInterfaceOrientations = UIInterfaceOrientationPortrait;
				INFOPLIST_KEY_UISupportedInterfaceOrientations_iPad = "UIInterfaceOrientationLandscapeLeft UIInterfaceOrientationLandscapeRight UIInterfaceOrientationPortrait UIInterfaceOrientationPortraitUpsideDown";
				LD_RUNPATH_SEARCH_PATHS = (
					"$(inherited)",
					"@executable_path/Frameworks",
				);
				MARKETING_VERSION = 1.0;
				PRODUCT_BUNDLE_IDENTIFIER = com.moyahexagon.Quran;
				PRODUCT_NAME = "$(TARGET_NAME)";
				SWIFT_EMIT_LOC_STRINGS = YES;
				SWIFT_VERSION = 5.0;
				TARGETED_DEVICE_FAMILY = "1,2";
			};
			name = Debug;
		};
		5395442C2959BCB4000D9210 /* Release */ = {
			isa = XCBuildConfiguration;
			buildSettings = {
				ASSETCATALOG_COMPILER_APPICON_NAME = AppIcon;
				ASSETCATALOG_COMPILER_GLOBAL_ACCENT_COLOR_NAME = AccentColor;
				CODE_SIGN_STYLE = Automatic;
				CURRENT_PROJECT_VERSION = 1;
				DEVELOPMENT_ASSET_PATHS = "\"Quran/Preview Content\"";
				DEVELOPMENT_TEAM = EJGCGKY84H;
				ENABLE_PREVIEWS = YES;
				GENERATE_INFOPLIST_FILE = YES;
				INFOPLIST_FILE = Quran/Info.plist;
				INFOPLIST_KEY_UIApplicationSupportsIndirectInputEvents = YES;
				INFOPLIST_KEY_UILaunchScreen_Generation = YES;
				INFOPLIST_KEY_UILaunchStoryboardName = LaunchScreen.storyboard;
				INFOPLIST_KEY_UIStatusBarStyle = UIStatusBarStyleLightContent;
				INFOPLIST_KEY_UISupportedInterfaceOrientations = UIInterfaceOrientationPortrait;
				INFOPLIST_KEY_UISupportedInterfaceOrientations_iPad = "UIInterfaceOrientationLandscapeLeft UIInterfaceOrientationLandscapeRight UIInterfaceOrientationPortrait UIInterfaceOrientationPortraitUpsideDown";
				LD_RUNPATH_SEARCH_PATHS = (
					"$(inherited)",
					"@executable_path/Frameworks",
				);
				MARKETING_VERSION = 1.0;
				PRODUCT_BUNDLE_IDENTIFIER = com.moyahexagon.Quran;
				PRODUCT_NAME = "$(TARGET_NAME)";
				SWIFT_EMIT_LOC_STRINGS = YES;
				SWIFT_VERSION = 5.0;
				TARGETED_DEVICE_FAMILY = "1,2";
			};
			name = Release;
		};
/* End XCBuildConfiguration section */

/* Begin XCConfigurationList section */
		539544172959BCB3000D9210 /* Build configuration list for PBXProject "Quran" */ = {
			isa = XCConfigurationList;
			buildConfigurations = (
				539544282959BCB4000D9210 /* Debug */,
				539544292959BCB4000D9210 /* Release */,
			);
			defaultConfigurationIsVisible = 0;
			defaultConfigurationName = Release;
		};
		5395442A2959BCB4000D9210 /* Build configuration list for PBXNativeTarget "Quran" */ = {
			isa = XCConfigurationList;
			buildConfigurations = (
				5395442B2959BCB4000D9210 /* Debug */,
				5395442C2959BCB4000D9210 /* Release */,
			);
			defaultConfigurationIsVisible = 0;
			defaultConfigurationName = Release;
		};
/* End XCConfigurationList section */
	};
	rootObject = 539544142959BCB3000D9210 /* Project object */;
}
